
Microsoft Visual Studio Solution File, Format Version 12.00
# Visual Studio Version 17
VisualStudioVersion = 17.11.35327.3
MinimumVisualStudioVersion = 10.0.40219.1
Project("{FAE04EC0-301F-11D3-BF4B-00C04F79EFBC}") = "AccessLibrary", "AccessLibrary\AccessLibrary.csproj", "{382472A7-6F9A-454E-8134-8059E9CCAB3D}"
EndProject
Global
	GlobalSection(SolutionConfigurationPlatforms) = preSolution
		Debug|Any CPU = Debug|Any CPU
		Release|Any CPU = Release|Any CPU
	EndGlobalSection
	GlobalSection(ProjectConfigurationPlatforms) = postSolution
		{382472A7-6F9A-454E-8134-8059E9CCAB3D}.Debug|Any CPU.ActiveCfg = Debug|Any CPU
		{382472A7-6F9A-454E-8134-8059E9CCAB3D}.Debug|Any CPU.Build.0 = Debug|Any CPU
		{382472A7-6F9A-454E-8134-8059E9CCAB3D}.Release|Any CPU.ActiveCfg = Release|Any CPU
		{382472A7-6F9A-454E-8134-8059E9CCAB3D}.Release|Any CPU.Build.0 = Release|Any CPU
	EndGlobalSection
	GlobalSection(SolutionProperties) = preSolution
		HideSolutionNode = FALSE
	EndGlobalSection
	GlobalSection(ExtensibilityGlobals) = postSolution
		SolutionGuid = {D2B06DB4-9001-42B0-9986-D17F76411DE1}
	EndGlobalSection
EndGlobal
